
Microsoft Visual Studio Solution File, Format Version 12.00
# Visual Studio Version 16
VisualStudioVersion = 16.0.30711.63
MinimumVisualStudioVersion = 10.0.40219.1
Project("{FAE04EC0-301F-11D3-BF4B-00C04F79EFBC}") = "ServicioRecurrenteV2", "ServicioRecurrenteV2\ServicioRecurrenteV2.csproj", "{7A246D82-0805-48C0-AEA7-ED11E72E96EB}"
EndProject
Project("{FAE04EC0-301F-11D3-BF4B-00C04F79EFBC}") = "VisualV8", "VisualV8\VisualV8.csproj", "{0ECE613D-4941-4027-9A15-B1EAE402EC85}"
EndProject
Global
	GlobalSection(SolutionConfigurationPlatforms) = preSolution
		Debug|Any CPU = Debug|Any CPU
		Release|Any CPU = Release|Any CPU
	EndGlobalSection
	GlobalSection(ProjectConfigurationPlatforms) = postSolution
		{7A246D82-0805-48C0-AEA7-ED11E72E96EB}.Debug|Any CPU.ActiveCfg = Debug|Any CPU
		{7A246D82-0805-48C0-AEA7-ED11E72E96EB}.Debug|Any CPU.Build.0 = Debug|Any CPU
		{7A246D82-0805-48C0-AEA7-ED11E72E96EB}.Release|Any CPU.ActiveCfg = Release|Any CPU
		{7A246D82-0805-48C0-AEA7-ED11E72E96EB}.Release|Any CPU.Build.0 = Release|Any CPU
		{0ECE613D-4941-4027-9A15-B1EAE402EC85}.Debug|Any CPU.ActiveCfg = Debug|Any CPU
		{0ECE613D-4941-4027-9A15-B1EAE402EC85}.Debug|Any CPU.Build.0 = Debug|Any CPU
		{0ECE613D-4941-4027-9A15-B1EAE402EC85}.Release|Any CPU.ActiveCfg = Release|Any CPU
		{0ECE613D-4941-4027-9A15-B1EAE402EC85}.Release|Any CPU.Build.0 = Release|Any CPU
	EndGlobalSection
	GlobalSection(SolutionProperties) = preSolution
		HideSolutionNode = FALSE
	EndGlobalSection
	GlobalSection(ExtensibilityGlobals) = postSolution
		SolutionGuid = {751CF918-871C-4BF6-8972-28A01CB604FF}
	EndGlobalSection
EndGlobal
